
Microsoft Visual Studio Solution File, Format Version 12.00
# Visual Studio Version 16
VisualStudioVersion = 16.0.30413.136
MinimumVisualStudioVersion = 10.0.40219.1
Project("{9A19103F-16F7-4668-BE54-9A1E7A4F7556}") = "Laba_1", "Laba_1\Laba_1.csproj", "{1BA67341-2517-451B-B2CC-A103DA7087A4}"
EndProject
Project("{9A19103F-16F7-4668-BE54-9A1E7A4F7556}") = "OOPT_and_DS_Tests", "OOPT_and_DS_Tests\OOPT_and_DS_Tests.csproj", "{DA0DDF68-0ED3-43C7-94BC-B444587A70F7}"
EndProject
Project("{9A19103F-16F7-4668-BE54-9A1E7A4F7556}") = "Laba_2", "Laba_2\Laba_2.csproj", "{87ACFEEA-06AC-44EA-BF31-0CBBA4A4FC96}"
EndProject
Project("{9A19103F-16F7-4668-BE54-9A1E7A4F7556}") = "Laba_3", "Laba_3\Laba_3.csproj", "{8D44AEC6-7664-4567-ADFA-90D771EADDD5}"
EndProject
Project("{9A19103F-16F7-4668-BE54-9A1E7A4F7556}") = "Laba_4", "Laba_4\Laba_4.csproj", "{595E7507-90FB-48C1-88EB-060F64F1412F}"
EndProject
Project("{FAE04EC0-301F-11D3-BF4B-00C04F79EFBC}") = "Laba_5", "Laba_5\Laba_5.csproj", "{165E31A6-DE17-4679-AB68-16A3AFF42C9C}"
EndProject
Global
	GlobalSection(SolutionConfigurationPlatforms) = preSolution
		Debug|Any CPU = Debug|Any CPU
		Release|Any CPU = Release|Any CPU
	EndGlobalSection
	GlobalSection(ProjectConfigurationPlatforms) = postSolution
		{1BA67341-2517-451B-B2CC-A103DA7087A4}.Debug|Any CPU.ActiveCfg = Debug|Any CPU
		{1BA67341-2517-451B-B2CC-A103DA7087A4}.Debug|Any CPU.Build.0 = Debug|Any CPU
		{1BA67341-2517-451B-B2CC-A103DA7087A4}.Release|Any CPU.ActiveCfg = Release|Any CPU
		{1BA67341-2517-451B-B2CC-A103DA7087A4}.Release|Any CPU.Build.0 = Release|Any CPU
		{DA0DDF68-0ED3-43C7-94BC-B444587A70F7}.Debug|Any CPU.ActiveCfg = Debug|Any CPU
		{DA0DDF68-0ED3-43C7-94BC-B444587A70F7}.Debug|Any CPU.Build.0 = Debug|Any CPU
		{DA0DDF68-0ED3-43C7-94BC-B444587A70F7}.Release|Any CPU.ActiveCfg = Release|Any CPU
		{DA0DDF68-0ED3-43C7-94BC-B444587A70F7}.Release|Any CPU.Build.0 = Release|Any CPU
		{87ACFEEA-06AC-44EA-BF31-0CBBA4A4FC96}.Debug|Any CPU.ActiveCfg = Debug|Any CPU
		{87ACFEEA-06AC-44EA-BF31-0CBBA4A4FC96}.Debug|Any CPU.Build.0 = Debug|Any CPU
		{87ACFEEA-06AC-44EA-BF31-0CBBA4A4FC96}.Release|Any CPU.ActiveCfg = Release|Any CPU
		{87ACFEEA-06AC-44EA-BF31-0CBBA4A4FC96}.Release|Any CPU.Build.0 = Release|Any CPU
		{8D44AEC6-7664-4567-ADFA-90D771EADDD5}.Debug|Any CPU.ActiveCfg = Debug|Any CPU
		{8D44AEC6-7664-4567-ADFA-90D771EADDD5}.Debug|Any CPU.Build.0 = Debug|Any CPU
		{8D44AEC6-7664-4567-ADFA-90D771EADDD5}.Release|Any CPU.ActiveCfg = Release|Any CPU
		{8D44AEC6-7664-4567-ADFA-90D771EADDD5}.Release|Any CPU.Build.0 = Release|Any CPU
		{595E7507-90FB-48C1-88EB-060F64F1412F}.Debug|Any CPU.ActiveCfg = Debug|Any CPU
		{595E7507-90FB-48C1-88EB-060F64F1412F}.Debug|Any CPU.Build.0 = Debug|Any CPU
		{595E7507-90FB-48C1-88EB-060F64F1412F}.Release|Any CPU.ActiveCfg = Release|Any CPU
		{595E7507-90FB-48C1-88EB-060F64F1412F}.Release|Any CPU.Build.0 = Release|Any CPU
		{165E31A6-DE17-4679-AB68-16A3AFF42C9C}.Debug|Any CPU.ActiveCfg = Debug|Any CPU
		{165E31A6-DE17-4679-AB68-16A3AFF42C9C}.Debug|Any CPU.Build.0 = Debug|Any CPU
		{165E31A6-DE17-4679-AB68-16A3AFF42C9C}.Release|Any CPU.ActiveCfg = Release|Any CPU
		{165E31A6-DE17-4679-AB68-16A3AFF42C9C}.Release|Any CPU.Build.0 = Release|Any CPU
	EndGlobalSection
	GlobalSection(SolutionProperties) = preSolution
		HideSolutionNode = FALSE
	EndGlobalSection
	GlobalSection(ExtensibilityGlobals) = postSolution
		SolutionGuid = {8339F397-1DA9-41F5-900C-0C654FEF3AA9}
	EndGlobalSection
EndGlobal
